
Microsoft Visual Studio Solution File, Format Version 12.00
# Visual Studio Version 16
VisualStudioVersion = 16.0.28315.86
MinimumVisualStudioVersion = 10.0.40219.1
Project("{FAE04EC0-301F-11D3-BF4B-00C04F79EFBC}") = "HackerRank", "HackerRank\HackerRank.csproj", "{7B20D283-F61D-435C-BFF5-B8E813903358}"
EndProject
Global
	GlobalSection(SolutionConfigurationPlatforms) = preSolution
		Debug|Any CPU = Debug|Any CPU
		Release|Any CPU = Release|Any CPU
	EndGlobalSection
	GlobalSection(ProjectConfigurationPlatforms) = postSolution
		{7B20D283-F61D-435C-BFF5-B8E813903358}.Debug|Any CPU.ActiveCfg = Debug|Any CPU
		{7B20D283-F61D-435C-BFF5-B8E813903358}.Debug|Any CPU.Build.0 = Debug|Any CPU
		{7B20D283-F61D-435C-BFF5-B8E813903358}.Release|Any CPU.ActiveCfg = Release|Any CPU
		{7B20D283-F61D-435C-BFF5-B8E813903358}.Release|Any CPU.Build.0 = Release|Any CPU
	EndGlobalSection
	GlobalSection(SolutionProperties) = preSolution
		HideSolutionNode = FALSE
	EndGlobalSection
	GlobalSection(ExtensibilityGlobals) = postSolution
		SolutionGuid = {56985F99-52A1-4831-80B7-B9368402981B}
	EndGlobalSection
EndGlobal
